{
  "version": 4,
  "terraform_version": "1.3.6",
  "serial": 12,
  "lineage": "5ed4fd90-7ebf-a4cc-bf9c-ff2ff73e071b",
  "outputs": {},
  "resources": [
    {
      "mode": "managed",
      "type": "aws_iam_group",
      "name": "Developers-Group",
      "provider": "provider[\"registry.terraform.io/hashicorp/aws\"]",
      "instances": [
        {
          "schema_version": 0,
          "attributes": {
            "arn": "arn:aws:iam::990912063607:group/Developers-Group",
            "id": "Developers-Group",
            "name": "Developers-Group",
            "path": "/",
            "unique_id": "AGPA6NNXWFB3U6W5XGGT7"
          },
          "sensitive_attributes": [],
          "private": "bnVsbA=="
        }
      ]
    },
    {
      "mode": "managed",
      "type": "aws_iam_group_policy_attachment",
      "name": "mfa_policy_attachment",
      "provider": "provider[\"registry.terraform.io/hashicorp/aws\"]",
      "instances": [
        {
          "schema_version": 0,
          "attributes": {
            "group": "Developers-Group",
            "id": "Developers-Group-20230422200110867100000004",
            "policy_arn": "arn:aws:iam::990912063607:policy/mfa-policy"
          },
          "sensitive_attributes": [],
          "private": "bnVsbA==",
          "dependencies": [
            "aws_iam_group.Developers-Group",
            "aws_iam_policy.mfa_policy"
          ]
        }
      ]
    },
    {
      "mode": "managed",
      "type": "aws_iam_policy",
      "name": "full_access_policy",
      "provider": "provider[\"registry.terraform.io/hashicorp/aws\"]",
      "instances": [
        {
          "schema_version": 0,
          "attributes": {
            "arn": "arn:aws:iam::990912063607:policy/full-access-policy",
            "description": "Provides full access to EC2, Lambda, and S3 bucket",
            "id": "arn:aws:iam::990912063607:policy/full-access-policy",
            "name": "full-access-policy",
            "name_prefix": "",
            "path": "/",
            "policy": "{\"Statement\":[{\"Action\":[\"ec2:*\",\"lambda:*\",\"s3:*\"],\"Effect\":\"Allow\",\"Resource\":\"*\"}],\"Version\":\"2012-10-17\"}",
            "policy_id": "ANPA6NNXWFB35CAQ2EIRJ",
            "tags": null,
            "tags_all": {}
          },
          "sensitive_attributes": [],
          "private": "bnVsbA=="
        }
      ]
    },
    {
      "mode": "managed",
      "type": "aws_iam_policy",
      "name": "mfa_policy",
      "provider": "provider[\"registry.terraform.io/hashicorp/aws\"]",
      "instances": [
        {
          "schema_version": 0,
          "attributes": {
            "arn": "arn:aws:iam::990912063607:policy/mfa-policy",
            "description": "",
            "id": "arn:aws:iam::990912063607:policy/mfa-policy",
            "name": "mfa-policy",
            "name_prefix": "",
            "path": "/",
            "policy": "{\"Statement\":[{\"Action\":[\"iam:CreateVirtualMFADevice\",\"iam:EnableMFADevice\",\"iam:ListMFADevices\",\"iam:ResyncMFADevice\"],\"Effect\":\"Allow\",\"Resource\":\"*\"}],\"Version\":\"2012-10-17\"}",
            "policy_id": "ANPA6NNXWFB3YPILBCM2D",
            "tags": null,
            "tags_all": {}
          },
          "sensitive_attributes": [],
          "private": "bnVsbA=="
        }
      ]
    },
    {
      "mode": "managed",
      "type": "aws_iam_policy_attachment",
      "name": "developers_policy_attachment",
      "provider": "provider[\"registry.terraform.io/hashicorp/aws\"]",
      "instances": [
        {
          "schema_version": 0,
          "attributes": {
            "groups": [
              "Developers-Group"
            ],
            "id": "developers-policy-attachment",
            "name": "developers-policy-attachment",
            "policy_arn": "arn:aws:iam::990912063607:policy/full-access-policy",
            "roles": null,
            "users": null
          },
          "sensitive_attributes": [],
          "private": "bnVsbA==",
          "dependencies": [
            "aws_iam_group.Developers-Group",
            "aws_iam_policy.full_access_policy"
          ]
        }
      ]
    },
    {
      "mode": "managed",
      "type": "aws_iam_user",
      "name": "userlist",
      "provider": "provider[\"registry.terraform.io/hashicorp/aws\"]",
      "instances": [
        {
          "index_key": 0,
          "schema_version": 0,
          "attributes": {
            "arn": "arn:aws:iam::990912063607:user/David-dev-user",
            "force_destroy": false,
            "id": "David-dev-user",
            "name": "David-dev-user",
            "path": "/",
            "permissions_boundary": null,
            "tags": null,
            "tags_all": {},
            "unique_id": "AIDA6NNXWFB3ZIKMD6TRK"
          },
          "sensitive_attributes": [],
          "private": "bnVsbA=="
        },
        {
          "index_key": 1,
          "schema_version": 0,
          "attributes": {
            "arn": "arn:aws:iam::990912063607:user/Edith-dev-user",
            "force_destroy": false,
            "id": "Edith-dev-user",
            "name": "Edith-dev-user",
            "path": "/",
            "permissions_boundary": null,
            "tags": null,
            "tags_all": {},
            "unique_id": "AIDA6NNXWFB3YUBXJV77C"
          },
          "sensitive_attributes": [],
          "private": "bnVsbA=="
        },
        {
          "index_key": 2,
          "schema_version": 0,
          "attributes": {
            "arn": "arn:aws:iam::990912063607:user/Josh-dev-user",
            "force_destroy": false,
            "id": "Josh-dev-user",
            "name": "Josh-dev-user",
            "path": "/",
            "permissions_boundary": null,
            "tags": null,
            "tags_all": {},
            "unique_id": "AIDA6NNXWFB3RDNGYEMOX"
          },
          "sensitive_attributes": [],
          "private": "bnVsbA=="
        }
      ]
    },
    {
      "mode": "managed",
      "type": "aws_iam_user_group_membership",
      "name": "Developers-Group",
      "provider": "provider[\"registry.terraform.io/hashicorp/aws\"]",
      "instances": [
        {
          "index_key": 0,
          "schema_version": 0,
          "attributes": {
            "groups": [
              "Developers-Group"
            ],
            "id": "terraform-20230422200110790200000002",
            "user": "David-dev-user"
          },
          "sensitive_attributes": [],
          "private": "bnVsbA==",
          "dependencies": [
            "aws_iam_group.Developers-Group"
          ]
        },
        {
          "index_key": 1,
          "schema_version": 0,
          "attributes": {
            "groups": [
              "Developers-Group"
            ],
            "id": "terraform-20230422200110779300000001",
            "user": "Edith-dev-user"
          },
          "sensitive_attributes": [],
          "private": "bnVsbA==",
          "dependencies": [
            "aws_iam_group.Developers-Group"
          ]
        },
        {
          "index_key": 2,
          "schema_version": 0,
          "attributes": {
            "groups": [
              "Developers-Group"
            ],
            "id": "terraform-20230422200110792300000003",
            "user": "Josh-dev-user"
          },
          "sensitive_attributes": [],
          "private": "bnVsbA==",
          "dependencies": [
            "aws_iam_group.Developers-Group"
          ]
        }
      ]
    }
  ],
  "check_results": null
}
